// !$*UTF8*$!
{
	archiveVersion = 1;
	classes = {
	};
	objectVersion = 50;
	objects = {

/* Begin PBXBuildFile section */
		5D47F43D23EAEDCC0084EA47 /* AppDelegate.swift in Sources */ = {isa = PBXBuildFile; fileRef = 5D47F43C23EAEDCC0084EA47 /* AppDelegate.swift */; };
		5D47F43F23EAEDCC0084EA47 /* SceneDelegate.swift in Sources */ = {isa = PBXBuildFile; fileRef = 5D47F43E23EAEDCC0084EA47 /* SceneDelegate.swift */; };
		5D47F44123EAEDCC0084EA47 /* ContentView.swift in Sources */ = {isa = PBXBuildFile; fileRef = 5D47F44023EAEDCC0084EA47 /* ContentView.swift */; };
		5D47F44323EAEDCF0084EA47 /* Assets.xcassets in Resources */ = {isa = PBXBuildFile; fileRef = 5D47F44223EAEDCF0084EA47 /* Assets.xcassets */; };
		5D47F44623EAEDCF0084EA47 /* Preview Assets.xcassets in Resources */ = {isa = PBXBuildFile; fileRef = 5D47F44523EAEDCF0084EA47 /* Preview Assets.xcassets */; };
		5D47F44923EAEDCF0084EA47 /* LaunchScreen.storyboard in Resources */ = {isa = PBXBuildFile; fileRef = 5D47F44723EAEDCF0084EA47 /* LaunchScreen.storyboard */; };
		5D47F45123EB03600084EA47 /* KeyboardObserver.swift in Sources */ = {isa = PBXBuildFile; fileRef = 5D47F45023EB03600084EA47 /* KeyboardObserver.swift */; };
		5D47F45323EB08F50084EA47 /* KeyboardAdapter.swift in Sources */ = {isa = PBXBuildFile; fileRef = 5D47F45223EB08F50084EA47 /* KeyboardAdapter.swift */; };
/* End PBXBuildFile section */

/* Begin PBXFileReference section */
		5D47F43923EAEDCC0084EA47 /* GraphViewTest.app */ = {isa = PBXFileReference; explicitFileType = wrapper.application; includeInIndex = 0; path = GraphViewTest.app; sourceTree = BUILT_PRODUCTS_DIR; };
		5D47F43C23EAEDCC0084EA47 /* AppDelegate.swift */ = {isa = PBXFileReference; lastKnownFileType = sourcecode.swift; path = AppDelegate.swift; sourceTree = "<group>"; };
		5D47F43E23EAEDCC0084EA47 /* SceneDelegate.swift */ = {isa = PBXFileReference; lastKnownFileType = sourcecode.swift; path = SceneDelegate.swift; sourceTree = "<group>"; };
		5D47F44023EAEDCC0084EA47 /* ContentView.swift */ = {isa = PBXFileReference; lastKnownFileType = sourcecode.swift; path = ContentView.swift; sourceTree = "<group>"; };
		5D47F44223EAEDCF0084EA47 /* Assets.xcassets */ = {isa = PBXFileReference; lastKnownFileType = folder.assetcatalog; path = Assets.xcassets; sourceTree = "<group>"; };
		5D47F44523EAEDCF0084EA47 /* Preview Assets.xcassets */ = {isa = PBXFileReference; lastKnownFileType = folder.assetcatalog; path = "Preview Assets.xcassets"; sourceTree = "<group>"; };
		5D47F44823EAEDCF0084EA47 /* Base */ = {isa = PBXFileReference; lastKnownFileType = file.storyboard; name = Base; path = Base.lproj/LaunchScreen.storyboard; sourceTree = "<group>"; };
		5D47F44A23EAEDCF0084EA47 /* Info.plist */ = {isa = PBXFileReference; lastKnownFileType = text.plist.xml; path = Info.plist; sourceTree = "<group>"; };
		5D47F45023EB03600084EA47 /* KeyboardObserver.swift */ = {isa = PBXFileReference; lastKnownFileType = sourcecode.swift; path = KeyboardObserver.swift; sourceTree = "<group>"; };
		5D47F45223EB08F50084EA47 /* KeyboardAdapter.swift */ = {isa = PBXFileReference; lastKnownFileType = sourcecode.swift; path = KeyboardAdapter.swift; sourceTree = "<group>"; };
/* End PBXFileReference section */

/* Begin PBXFrameworksBuildPhase section */
		5D47F43623EAEDCC0084EA47 /* Frameworks */ = {
			isa = PBXFrameworksBuildPhase;
			buildActionMask = 2147483647;
			files = (
			);
			runOnlyForDeploymentPostprocessing = 0;
		};
/* End PBXFrameworksBuildPhase section */

/* Begin PBXGroup section */
		5D47F43023EAEDCC0084EA47 = {
			isa = PBXGroup;
			children = (
				5D47F43B23EAEDCC0084EA47 /* GraphViewTest */,
				5D47F43A23EAEDCC0084EA47 /* Products */,
			);
			sourceTree = "<group>";
		};
		5D47F43A23EAEDCC0084EA47 /* Products */ = {
			isa = PBXGroup;
			children = (
				5D47F43923EAEDCC0084EA47 /* GraphViewTest.app */,
			);
			name = Products;
			sourceTree = "<group>";
		};
		5D47F43B23EAEDCC0084EA47 /* GraphViewTest */ = {
			isa = PBXGroup;
			children = (
				5D47F43C23EAEDCC0084EA47 /* AppDelegate.swift */,
				5D47F43E23EAEDCC0084EA47 /* SceneDelegate.swift */,
				5D47F44023EAEDCC0084EA47 /* ContentView.swift */,
				5D47F44223EAEDCF0084EA47 /* Assets.xcassets */,
				5D47F44723EAEDCF0084EA47 /* LaunchScreen.storyboard */,
				5D47F44A23EAEDCF0084EA47 /* Info.plist */,
				5D47F44423EAEDCF0084EA47 /* Preview Content */,
				5D47F45023EB03600084EA47 /* KeyboardObserver.swift */,
				5D47F45223EB08F50084EA47 /* KeyboardAdapter.swift */,
			);
			path = GraphViewTest;
			sourceTree = "<group>";
		};
		5D47F44423EAEDCF0084EA47 /* Preview Content */ = {
			isa = PBXGroup;
			children = (
				5D47F44523EAEDCF0084EA47 /* Preview Assets.xcassets */,
			);
			path = "Preview Content";
			sourceTree = "<group>";
		};
/* End PBXGroup section */

/* Begin PBXNativeTarget section */
		5D47F43823EAEDCC0084EA47 /* GraphViewTest */ = {
			isa = PBXNativeTarget;
			buildConfigurationList = 5D47F44D23EAEDCF0084EA47 /* Build configuration list for PBXNativeTarget "GraphViewTest" */;
			buildPhases = (
				5D47F43523EAEDCC0084EA47 /* Sources */,
				5D47F43623EAEDCC0084EA47 /* Frameworks */,
				5D47F43723EAEDCC0084EA47 /* Resources */,
			);
			buildRules = (
			);
			dependencies = (
			);
			name = GraphViewTest;
			productName = GraphViewTest;
			productReference = 5D47F43923EAEDCC0084EA47 /* GraphViewTest.app */;
			productType = "com.apple.product-type.application";
		};
/* End PBXNativeTarget section */

/* Begin PBXProject section */
		5D47F43123EAEDCC0084EA47 /* Project object */ = {
			isa = PBXProject;
			attributes = {
				LastSwiftUpdateCheck = 1130;
				LastUpgradeCheck = 1130;
				ORGANIZATIONNAME = "Roving Mobile";
				TargetAttributes = {
					5D47F43823EAEDCC0084EA47 = {
						CreatedOnToolsVersion = 11.3.1;
					};
				};
			};
			buildConfigurationList = 5D47F43423EAEDCC0084EA47 /* Build configuration list for PBXProject "GraphViewTest" */;
			compatibilityVersion = "Xcode 9.3";
			developmentRegion = en;
			hasScannedForEncodings = 0;
			knownRegions = (
				en,
				Base,
			);
			mainGroup = 5D47F43023EAEDCC0084EA47;
			productRefGroup = 5D47F43A23EAEDCC0084EA47 /* Products */;
			projectDirPath = "";
			projectRoot = "";
			targets = (
				5D47F43823EAEDCC0084EA47 /* GraphViewTest */,
			);
		};
/* End PBXProject section */

/* Begin PBXResourcesBuildPhase section */
		5D47F43723EAEDCC0084EA47 /* Resources */ = {
			isa = PBXResourcesBuildPhase;
			buildActionMask = 2147483647;
			files = (
				5D47F44923EAEDCF0084EA47 /* LaunchScreen.storyboard in Resources */,
				5D47F44623EAEDCF0084EA47 /* Preview Assets.xcassets in Resources */,
				5D47F44323EAEDCF0084EA47 /* Assets.xcassets in Resources */,
			);
			runOnlyForDeploymentPostprocessing = 0;
		};
/* End PBXResourcesBuildPhase section */

/* Begin PBXSourcesBuildPhase section */
		5D47F43523EAEDCC0084EA47 /* Sources */ = {
			isa = PBXSourcesBuildPhase;
			buildActionMask = 2147483647;
			files = (
				5D47F43D23EAEDCC0084EA47 /* AppDelegate.swift in Sources */,
				5D47F45323EB08F50084EA47 /* KeyboardAdapter.swift in Sources */,
				5D47F43F23EAEDCC0084EA47 /* SceneDelegate.swift in Sources */,
				5D47F45123EB03600084EA47 /* KeyboardObserver.swift in Sources */,
				5D47F44123EAEDCC0084EA47 /* ContentView.swift in Sources */,
			);
			runOnlyForDeploymentPostprocessing = 0;
		};
/* End PBXSourcesBuildPhase section */

/* Begin PBXVariantGroup section */
		5D47F44723EAEDCF0084EA47 /* LaunchScreen.storyboard */ = {
			isa = PBXVariantGroup;
			children = (
				5D47F44823EAEDCF0084EA47 /* Base */,
			);
			name = LaunchScreen.storyboard;
			sourceTree = "<group>";
		};
/* End PBXVariantGroup section */

/* Begin XCBuildConfiguration section */
		5D47F44B23EAEDCF0084EA47 /* Debug */ = {
			isa = XCBuildConfiguration;
			buildSettings = {
				ALWAYS_SEARCH_USER_PATHS = NO;
				CLANG_ANALYZER_NONNULL = YES;
				CLANG_ANALYZER_NUMBER_OBJECT_CONVERSION = YES_AGGRESSIVE;
				CLANG_CXX_LANGUAGE_STANDARD = "gnu++14";
				CLANG_CXX_LIBRARY = "libc++";
				CLANG_ENABLE_MODULES = YES;
				CLANG_ENABLE_OBJC_ARC = YES;
				CLANG_ENABLE_OBJC_WEAK = YES;
				CLANG_WARN_BLOCK_CAPTURE_AUTORELEASING = YES;
				CLANG_WARN_BOOL_CONVERSION = YES;
				CLANG_WARN_COMMA = YES;
				CLANG_WARN_CONSTANT_CONVERSION = YES;
				CLANG_WARN_DEPRECATED_OBJC_IMPLEMENTATIONS = YES;
				CLANG_WARN_DIRECT_OBJC_ISA_USAGE = YES_ERROR;
				CLANG_WARN_DOCUMENTATION_COMMENTS = YES;
				CLANG_WARN_EMPTY_BODY = YES;
				CLANG_WARN_ENUM_CONVERSION = YES;
				CLANG_WARN_INFINITE_RECURSION = YES;
				CLANG_WARN_INT_CONVERSION = YES;
				CLANG_WARN_NON_LITERAL_NULL_CONVERSION = YES;
				CLANG_WARN_OBJC_IMPLICIT_RETAIN_SELF = YES;
				CLANG_WARN_OBJC_LITERAL_CONVERSION = YES;
				CLANG_WARN_OBJC_ROOT_CLASS = YES_ERROR;
				CLANG_WARN_RANGE_LOOP_ANALYSIS = YES;
				CLANG_WARN_STRICT_PROTOTYPES = YES;
				CLANG_WARN_SUSPICIOUS_MOVE = YES;
				CLANG_WARN_UNGUARDED_AVAILABILITY = YES_AGGRESSIVE;
				CLANG_WARN_UNREACHABLE_CODE = YES;
				CLANG_WARN__DUPLICATE_METHOD_MATCH = YES;
				COPY_PHASE_STRIP = NO;
				DEBUG_INFORMATION_FORMAT = dwarf;
				ENABLE_STRICT_OBJC_MSGSEND = YES;
				ENABLE_TESTABILITY = YES;
				GCC_C_LANGUAGE_STANDARD = gnu11;
				GCC_DYNAMIC_NO_PIC = NO;
				GCC_NO_COMMON_BLOCKS = YES;
				GCC_OPTIMIZATION_LEVEL = 0;
				GCC_PREPROCESSOR_DEFINITIONS = (
					"DEBUG=1",
					"$(inherited)",
				);
				GCC_WARN_64_TO_32_BIT_CONVERSION = YES;
				GCC_WARN_ABOUT_RETURN_TYPE = YES_ERROR;
				GCC_WARN_UNDECLARED_SELECTOR = YES;
				GCC_WARN_UNINITIALIZED_AUTOS = YES_AGGRESSIVE;
				GCC_WARN_UNUSED_FUNCTION = YES;
				GCC_WARN_UNUSED_VARIABLE = YES;
				IPHONEOS_DEPLOYMENT_TARGET = 13.2;
				MTL_ENABLE_DEBUG_INFO = INCLUDE_SOURCE;
				MTL_FAST_MATH = YES;
				ONLY_ACTIVE_ARCH = YES;
				SDKROOT = iphoneos;
				SWIFT_ACTIVE_COMPILATION_CONDITIONS = DEBUG;
				SWIFT_OPTIMIZATION_LEVEL = "-Onone";
			};
			name = Debug;
		};
		5D47F44C23EAEDCF0084EA47 /* Release */ = {
			isa = XCBuildConfiguration;
			buildSettings = {
				ALWAYS_SEARCH_USER_PATHS = NO;
				CLANG_ANALYZER_NONNULL = YES;
				CLANG_ANALYZER_NUMBER_OBJECT_CONVERSION = YES_AGGRESSIVE;
				CLANG_CXX_LANGUAGE_STANDARD = "gnu++14";
				CLANG_CXX_LIBRARY = "libc++";
				CLANG_ENABLE_MODULES = YES;
				CLANG_ENABLE_OBJC_ARC = YES;
				CLANG_ENABLE_OBJC_WEAK = YES;
				CLANG_WARN_BLOCK_CAPTURE_AUTORELEASING = YES;
				CLANG_WARN_BOOL_CONVERSION = YES;
				CLANG_WARN_COMMA = YES;
				CLANG_WARN_CONSTANT_CONVERSION = YES;
				CLANG_WARN_DEPRECATED_OBJC_IMPLEMENTATIONS = YES;
				CLANG_WARN_DIRECT_OBJC_ISA_USAGE = YES_ERROR;
				CLANG_WARN_DOCUMENTATION_COMMENTS = YES;
				CLANG_WARN_EMPTY_BODY = YES;
				CLANG_WARN_ENUM_CONVERSION = YES;
				CLANG_WARN_INFINITE_RECURSION = YES;
				CLANG_WARN_INT_CONVERSION = YES;
				CLANG_WARN_NON_LITERAL_NULL_CONVERSION = YES;
				CLANG_WARN_OBJC_IMPLICIT_RETAIN_SELF = YES;
				CLANG_WARN_OBJC_LITERAL_CONVERSION = YES;
				CLANG_WARN_OBJC_ROOT_CLASS = YES_ERROR;
				CLANG_WARN_RANGE_LOOP_ANALYSIS = YES;
				CLANG_WARN_STRICT_PROTOTYPES = YES;
				CLANG_WARN_SUSPICIOUS_MOVE = YES;
				CLANG_WARN_UNGUARDED_AVAILABILITY = YES_AGGRESSIVE;
				CLANG_WARN_UNREACHABLE_CODE = YES;
				CLANG_WARN__DUPLICATE_METHOD_MATCH = YES;
				COPY_PHASE_STRIP = NO;
				DEBUG_INFORMATION_FORMAT = "dwarf-with-dsym";
				ENABLE_NS_ASSERTIONS = NO;
				ENABLE_STRICT_OBJC_MSGSEND = YES;
				GCC_C_LANGUAGE_STANDARD = gnu11;
				GCC_NO_COMMON_BLOCKS = YES;
				GCC_WARN_64_TO_32_BIT_CONVERSION = YES;
				GCC_WARN_ABOUT_RETURN_TYPE = YES_ERROR;
				GCC_WARN_UNDECLARED_SELECTOR = YES;
				GCC_WARN_UNINITIALIZED_AUTOS = YES_AGGRESSIVE;
				GCC_WARN_UNUSED_FUNCTION = YES;
				GCC_WARN_UNUSED_VARIABLE = YES;
				IPHONEOS_DEPLOYMENT_TARGET = 13.2;
				MTL_ENABLE_DEBUG_INFO = NO;
				MTL_FAST_MATH = YES;
				SDKROOT = iphoneos;
				SWIFT_COMPILATION_MODE = wholemodule;
				SWIFT_OPTIMIZATION_LEVEL = "-O";
				VALIDATE_PRODUCT = YES;
			};
			name = Release;
		};
		5D47F44E23EAEDCF0084EA47 /* Debug */ = {
			isa = XCBuildConfiguration;
			buildSettings = {
				ASSETCATALOG_COMPILER_APPICON_NAME = AppIcon;
				CODE_SIGN_STYLE = Automatic;
				DEVELOPMENT_ASSET_PATHS = "\"GraphViewTest/Preview Content\"";
				DEVELOPMENT_TEAM = JCM3ZMDL4E;
				ENABLE_PREVIEWS = YES;
				INFOPLIST_FILE = GraphViewTest/Info.plist;
				LD_RUNPATH_SEARCH_PATHS = (
					"$(inherited)",
					"@executable_path/Frameworks",
				);
				PRODUCT_BUNDLE_IDENTIFIER = com.rovingmobile.GraphViewTest;
				PRODUCT_NAME = "$(TARGET_NAME)";
				SWIFT_VERSION = 5.0;
				TARGETED_DEVICE_FAMILY = "1,2";
			};
			name = Debug;
		};
		5D47F44F23EAEDCF0084EA47 /* Release */ = {
			isa = XCBuildConfiguration;
			buildSettings = {
				ASSETCATALOG_COMPILER_APPICON_NAME = AppIcon;
				CODE_SIGN_STYLE = Automatic;
				DEVELOPMENT_ASSET_PATHS = "\"GraphViewTest/Preview Content\"";
				DEVELOPMENT_TEAM = JCM3ZMDL4E;
				ENABLE_PREVIEWS = YES;
				INFOPLIST_FILE = GraphViewTest/Info.plist;
				LD_RUNPATH_SEARCH_PATHS = (
					"$(inherited)",
					"@executable_path/Frameworks",
				);
				PRODUCT_BUNDLE_IDENTIFIER = com.rovingmobile.GraphViewTest;
				PRODUCT_NAME = "$(TARGET_NAME)";
				SWIFT_VERSION = 5.0;
				TARGETED_DEVICE_FAMILY = "1,2";
			};
			name = Release;
		};
/* End XCBuildConfiguration section */

/* Begin XCConfigurationList section */
		5D47F43423EAEDCC0084EA47 /* Build configuration list for PBXProject "GraphViewTest" */ = {
			isa = XCConfigurationList;
			buildConfigurations = (
				5D47F44B23EAEDCF0084EA47 /* Debug */,
				5D47F44C23EAEDCF0084EA47 /* Release */,
			);
			defaultConfigurationIsVisible = 0;
			defaultConfigurationName = Release;
		};
		5D47F44D23EAEDCF0084EA47 /* Build configuration list for PBXNativeTarget "GraphViewTest" */ = {
			isa = XCConfigurationList;
			buildConfigurations = (
				5D47F44E23EAEDCF0084EA47 /* Debug */,
				5D47F44F23EAEDCF0084EA47 /* Release */,
			);
			defaultConfigurationIsVisible = 0;
			defaultConfigurationName = Release;
		};
/* End XCConfigurationList section */
	};
	rootObject = 5D47F43123EAEDCC0084EA47 /* Project object */;
}
